// !$*UTF8*$!
{
	archiveVersion = 1;
	classes = {
	};
	objectVersion = 55;
	objects = {

/* Begin PBXBuildFile section */
		6812ACAC29ED758000B80736 /* MainTabBarController.swift in Sources */ = {isa = PBXBuildFile; fileRef = 6812ACAB29ED758000B80736 /* MainTabBarController.swift */; };
		6814354829B2063B00F53F33 /* AppDelegate.swift in Sources */ = {isa = PBXBuildFile; fileRef = 6814354729B2063B00F53F33 /* AppDelegate.swift */; };
		6814354A29B2063B00F53F33 /* SceneDelegate.swift in Sources */ = {isa = PBXBuildFile; fileRef = 6814354929B2063B00F53F33 /* SceneDelegate.swift */; };
		6814355129B2063C00F53F33 /* Assets.xcassets in Resources */ = {isa = PBXBuildFile; fileRef = 6814355029B2063C00F53F33 /* Assets.xcassets */; };
		6814355429B2063C00F53F33 /* LaunchScreen.storyboard in Resources */ = {isa = PBXBuildFile; fileRef = 6814355229B2063C00F53F33 /* LaunchScreen.storyboard */; };
		6814356229B20B0900F53F33 /* SignInViewController.swift in Sources */ = {isa = PBXBuildFile; fileRef = 6814356129B20B0900F53F33 /* SignInViewController.swift */; };
		6814356829B2282F00F53F33 /* SignInTextFieldView.swift in Sources */ = {isa = PBXBuildFile; fileRef = 6814356729B2282F00F53F33 /* SignInTextFieldView.swift */; };
		6814356A29B22C3200F53F33 /* Factory.swift in Sources */ = {isa = PBXBuildFile; fileRef = 6814356929B22C3200F53F33 /* Factory.swift */; };
		681601E529EFE12800914CEA /* SkeletonLoadable.swift in Sources */ = {isa = PBXBuildFile; fileRef = 681601E429EFE12800914CEA /* SkeletonLoadable.swift */; };
		681601E729EFE14F00914CEA /* SkeletonCell.swift in Sources */ = {isa = PBXBuildFile; fileRef = 681601E629EFE14F00914CEA /* SkeletonCell.swift */; };
		681601EA29EFFED700914CEA /* AbsenceReasonViewController.swift in Sources */ = {isa = PBXBuildFile; fileRef = 681601E929EFFED700914CEA /* AbsenceReasonViewController.swift */; };
		681601EC29EFFFF800914CEA /* ReasonMessagesViewModel.swift in Sources */ = {isa = PBXBuildFile; fileRef = 681601EB29EFFFF800914CEA /* ReasonMessagesViewModel.swift */; };
		681601EE29F0004B00914CEA /* Message.swift in Sources */ = {isa = PBXBuildFile; fileRef = 681601ED29F0004B00914CEA /* Message.swift */; };
		681601F029F0016800914CEA /* MessageCell.swift in Sources */ = {isa = PBXBuildFile; fileRef = 681601EF29F0016800914CEA /* MessageCell.swift */; };
		681601F229F001BE00914CEA /* MessageCellViewModel.swift in Sources */ = {isa = PBXBuildFile; fileRef = 681601F129F001BE00914CEA /* MessageCellViewModel.swift */; };
		6821F3CC29C1ACA900583B1E /* TestDatabase.swift in Sources */ = {isa = PBXBuildFile; fileRef = 6821F3CB29C1ACA900583B1E /* TestDatabase.swift */; };
		682A7C6229D7E60C0064E7BB /* CustomProgressView.swift in Sources */ = {isa = PBXBuildFile; fileRef = 682A7C6129D7E60C0064E7BB /* CustomProgressView.swift */; };
		6835173E29BB708200EB893A /* HomeViewModel.swift in Sources */ = {isa = PBXBuildFile; fileRef = 6835173D29BB708200EB893A /* HomeViewModel.swift */; };
		6835174029BB757100EB893A /* HomeViewModelType.swift in Sources */ = {isa = PBXBuildFile; fileRef = 6835173F29BB757100EB893A /* HomeViewModelType.swift */; };
		6837CC6129C47B1F00ECBD48 /* Colors.swift in Sources */ = {isa = PBXBuildFile; fileRef = 6837CC6029C47B1F00ECBD48 /* Colors.swift */; };
		6837CC6329C4953D00ECBD48 /* SubjectScheduleViewController.swift in Sources */ = {isa = PBXBuildFile; fileRef = 6837CC6229C4953D00ECBD48 /* SubjectScheduleViewController.swift */; };
		6837CC6529C497EA00ECBD48 /* ClassCell.swift in Sources */ = {isa = PBXBuildFile; fileRef = 6837CC6429C497EA00ECBD48 /* ClassCell.swift */; };
		6845DE8429BB64C80096A602 /* CollectionViewCellViewModelType.swift in Sources */ = {isa = PBXBuildFile; fileRef = 6845DE8329BB64C80096A602 /* CollectionViewCellViewModelType.swift */; };
		6845DE8629BB65160096A602 /* CollectionViewViewModelType.swift in Sources */ = {isa = PBXBuildFile; fileRef = 6845DE8529BB65160096A602 /* CollectionViewViewModelType.swift */; };
		6845DE8829BB672C0096A602 /* CollectionViewViewModel.swift in Sources */ = {isa = PBXBuildFile; fileRef = 6845DE8729BB672C0096A602 /* CollectionViewViewModel.swift */; };
		6845DE8A29BB67370096A602 /* CollectionViewCellViewModel.swift in Sources */ = {isa = PBXBuildFile; fileRef = 6845DE8929BB67370096A602 /* CollectionViewCellViewModel.swift */; };
		6845DE8C29BB67840096A602 /* Subject.swift in Sources */ = {isa = PBXBuildFile; fileRef = 6845DE8B29BB67840096A602 /* Subject.swift */; };
		6845DE8E29BB6CEA0096A602 /* AccountInfoViewModel.swift in Sources */ = {isa = PBXBuildFile; fileRef = 6845DE8D29BB6CEA0096A602 /* AccountInfoViewModel.swift */; };
		6845DE9029BB6CFC0096A602 /* AccountInfoViewModelType.swift in Sources */ = {isa = PBXBuildFile; fileRef = 6845DE8F29BB6CFC0096A602 /* AccountInfoViewModelType.swift */; };
		6845DE9229BB6D590096A602 /* Student.swift in Sources */ = {isa = PBXBuildFile; fileRef = 6845DE9129BB6D590096A602 /* Student.swift */; };
		685641FB29BA0C78007735B7 /* GoogleService-Info.plist in Resources */ = {isa = PBXBuildFile; fileRef = 685641FA29BA0C78007735B7 /* GoogleService-Info.plist */; };
		685A3EEB29C2DB27007B1EA1 /* Extensions.swift in Sources */ = {isa = PBXBuildFile; fileRef = 685A3EEA29C2DB27007B1EA1 /* Extensions.swift */; };
		68A7BDE429BA0E9B007B4495 /* AuthManager.swift in Sources */ = {isa = PBXBuildFile; fileRef = 68A7BDE329BA0E9B007B4495 /* AuthManager.swift */; };
		68A7BDE629BA0EF1007B4495 /* DatabaseManager.swift in Sources */ = {isa = PBXBuildFile; fileRef = 68A7BDE529BA0EF0007B4495 /* DatabaseManager.swift */; };
		68D1596029CAE59E00051FE6 /* ClassCollectionViewCellViewModelType.swift in Sources */ = {isa = PBXBuildFile; fileRef = 68D1595F29CAE59E00051FE6 /* ClassCollectionViewCellViewModelType.swift */; };
		68D1596229CAE5F800051FE6 /* ClassCollectionViewCellViewModel.swift in Sources */ = {isa = PBXBuildFile; fileRef = 68D1596129CAE5F800051FE6 /* ClassCollectionViewCellViewModel.swift */; };
		68D1596429CAE63900051FE6 /* SubjectClass.swift in Sources */ = {isa = PBXBuildFile; fileRef = 68D1596329CAE63900051FE6 /* SubjectClass.swift */; };
		68D1596629CAEB7700051FE6 /* ClassCollectionViewViewModelType.swift in Sources */ = {isa = PBXBuildFile; fileRef = 68D1596529CAEB7700051FE6 /* ClassCollectionViewViewModelType.swift */; };
		68D1596829CAECAF00051FE6 /* ClassCollectionViewViewModel.swift in Sources */ = {isa = PBXBuildFile; fileRef = 68D1596729CAECAF00051FE6 /* ClassCollectionViewViewModel.swift */; };
		68D1596A29CB01D200051FE6 /* SubjectScheduleViewModelType.swift in Sources */ = {isa = PBXBuildFile; fileRef = 68D1596929CB01D200051FE6 /* SubjectScheduleViewModelType.swift */; };
		68D1596C29CB023C00051FE6 /* SubjectScheduleViewModel.swift in Sources */ = {isa = PBXBuildFile; fileRef = 68D1596B29CB023C00051FE6 /* SubjectScheduleViewModel.swift */; };
		68DA507729CC4CB000A7041C /* ResetPasswordViewController.swift in Sources */ = {isa = PBXBuildFile; fileRef = 68DA507629CC4CB000A7041C /* ResetPasswordViewController.swift */; };
		68E4E3F729B30E2300A1B956 /* HomeViewController.swift in Sources */ = {isa = PBXBuildFile; fileRef = 68E4E3F629B30E2300A1B956 /* HomeViewController.swift */; };
		68E4E3FA29B30FDA00A1B956 /* AccountInfoView.swift in Sources */ = {isa = PBXBuildFile; fileRef = 68E4E3F929B30FDA00A1B956 /* AccountInfoView.swift */; };
		68E4E3FC29B32E3700A1B956 /* SubjectCell.swift in Sources */ = {isa = PBXBuildFile; fileRef = 68E4E3FB29B32E3700A1B956 /* SubjectCell.swift */; };
		68FA425829B2F61F00FC46A6 /* SDUGradientButton.swift in Sources */ = {isa = PBXBuildFile; fileRef = 68FA425729B2F61F00FC46A6 /* SDUGradientButton.swift */; };
		93CEB87FCCBC26AC6A79D8D7 /* Pods_CheckMate_S.framework in Frameworks */ = {isa = PBXBuildFile; fileRef = 824C450409063A382E55E003 /* Pods_CheckMate_S.framework */; };
/* End PBXBuildFile section */

/* Begin PBXFileReference section */
		4A9E494242569B928C06906D /* Pods-CheckMate-S.release.xcconfig */ = {isa = PBXFileReference; includeInIndex = 1; lastKnownFileType = text.xcconfig; name = "Pods-CheckMate-S.release.xcconfig"; path = "Target Support Files/Pods-CheckMate-S/Pods-CheckMate-S.release.xcconfig"; sourceTree = "<group>"; };
		5DF5E5FD0F189C94E377CD7E /* Pods-CheckMate-S.debug.xcconfig */ = {isa = PBXFileReference; includeInIndex = 1; lastKnownFileType = text.xcconfig; name = "Pods-CheckMate-S.debug.xcconfig"; path = "Target Support Files/Pods-CheckMate-S/Pods-CheckMate-S.debug.xcconfig"; sourceTree = "<group>"; };
		6812ACAB29ED758000B80736 /* MainTabBarController.swift */ = {isa = PBXFileReference; lastKnownFileType = sourcecode.swift; path = MainTabBarController.swift; sourceTree = "<group>"; };
		6814354429B2063B00F53F33 /* CheckMate-S.app */ = {isa = PBXFileReference; explicitFileType = wrapper.application; includeInIndex = 0; path = "CheckMate-S.app"; sourceTree = BUILT_PRODUCTS_DIR; };
		6814354729B2063B00F53F33 /* AppDelegate.swift */ = {isa = PBXFileReference; lastKnownFileType = sourcecode.swift; path = AppDelegate.swift; sourceTree = "<group>"; };
		6814354929B2063B00F53F33 /* SceneDelegate.swift */ = {isa = PBXFileReference; lastKnownFileType = sourcecode.swift; path = SceneDelegate.swift; sourceTree = "<group>"; };
		6814355029B2063C00F53F33 /* Assets.xcassets */ = {isa = PBXFileReference; lastKnownFileType = folder.assetcatalog; path = Assets.xcassets; sourceTree = "<group>"; };
		6814355329B2063C00F53F33 /* Base */ = {isa = PBXFileReference; lastKnownFileType = file.storyboard; name = Base; path = Base.lproj/LaunchScreen.storyboard; sourceTree = "<group>"; };
		6814355529B2063C00F53F33 /* Info.plist */ = {isa = PBXFileReference; lastKnownFileType = text.plist.xml; path = Info.plist; sourceTree = "<group>"; };
		6814356129B20B0900F53F33 /* SignInViewController.swift */ = {isa = PBXFileReference; lastKnownFileType = sourcecode.swift; path = SignInViewController.swift; sourceTree = "<group>"; };
		6814356729B2282F00F53F33 /* SignInTextFieldView.swift */ = {isa = PBXFileReference; lastKnownFileType = sourcecode.swift; path = SignInTextFieldView.swift; sourceTree = "<group>"; };
		6814356929B22C3200F53F33 /* Factory.swift */ = {isa = PBXFileReference; lastKnownFileType = sourcecode.swift; path = Factory.swift; sourceTree = "<group>"; };
		681601E429EFE12800914CEA /* SkeletonLoadable.swift */ = {isa = PBXFileReference; lastKnownFileType = sourcecode.swift; path = SkeletonLoadable.swift; sourceTree = "<group>"; };
		681601E629EFE14F00914CEA /* SkeletonCell.swift */ = {isa = PBXFileReference; lastKnownFileType = sourcecode.swift; path = SkeletonCell.swift; sourceTree = "<group>"; };
		681601E929EFFED700914CEA /* AbsenceReasonViewController.swift */ = {isa = PBXFileReference; lastKnownFileType = sourcecode.swift; path = AbsenceReasonViewController.swift; sourceTree = "<group>"; };
		681601EB29EFFFF800914CEA /* ReasonMessagesViewModel.swift */ = {isa = PBXFileReference; lastKnownFileType = sourcecode.swift; path = ReasonMessagesViewModel.swift; sourceTree = "<group>"; };
		681601ED29F0004B00914CEA /* Message.swift */ = {isa = PBXFileReference; lastKnownFileType = sourcecode.swift; path = Message.swift; sourceTree = "<group>"; };
		681601EF29F0016800914CEA /* MessageCell.swift */ = {isa = PBXFileReference; lastKnownFileType = sourcecode.swift; path = MessageCell.swift; sourceTree = "<group>"; };
		681601F129F001BE00914CEA /* MessageCellViewModel.swift */ = {isa = PBXFileReference; lastKnownFileType = sourcecode.swift; path = MessageCellViewModel.swift; sourceTree = "<group>"; };
		6821F3CB29C1ACA900583B1E /* TestDatabase.swift */ = {isa = PBXFileReference; lastKnownFileType = sourcecode.swift; path = TestDatabase.swift; sourceTree = "<group>"; };
		682A7C6129D7E60C0064E7BB /* CustomProgressView.swift */ = {isa = PBXFileReference; lastKnownFileType = sourcecode.swift; path = CustomProgressView.swift; sourceTree = "<group>"; };
		6835173D29BB708200EB893A /* HomeViewModel.swift */ = {isa = PBXFileReference; lastKnownFileType = sourcecode.swift; path = HomeViewModel.swift; sourceTree = "<group>"; };
		6835173F29BB757100EB893A /* HomeViewModelType.swift */ = {isa = PBXFileReference; lastKnownFileType = sourcecode.swift; path = HomeViewModelType.swift; sourceTree = "<group>"; };
		6837CC6029C47B1F00ECBD48 /* Colors.swift */ = {isa = PBXFileReference; lastKnownFileType = sourcecode.swift; path = Colors.swift; sourceTree = "<group>"; };
		6837CC6229C4953D00ECBD48 /* SubjectScheduleViewController.swift */ = {isa = PBXFileReference; lastKnownFileType = sourcecode.swift; path = SubjectScheduleViewController.swift; sourceTree = "<group>"; };
		6837CC6429C497EA00ECBD48 /* ClassCell.swift */ = {isa = PBXFileReference; lastKnownFileType = sourcecode.swift; path = ClassCell.swift; sourceTree = "<group>"; };
		6845DE8329BB64C80096A602 /* CollectionViewCellViewModelType.swift */ = {isa = PBXFileReference; lastKnownFileType = sourcecode.swift; path = CollectionViewCellViewModelType.swift; sourceTree = "<group>"; };
		6845DE8529BB65160096A602 /* CollectionViewViewModelType.swift */ = {isa = PBXFileReference; lastKnownFileType = sourcecode.swift; path = CollectionViewViewModelType.swift; sourceTree = "<group>"; };
		6845DE8729BB672C0096A602 /* CollectionViewViewModel.swift */ = {isa = PBXFileReference; lastKnownFileType = sourcecode.swift; path = CollectionViewViewModel.swift; sourceTree = "<group>"; };
		6845DE8929BB67370096A602 /* CollectionViewCellViewModel.swift */ = {isa = PBXFileReference; lastKnownFileType = sourcecode.swift; path = CollectionViewCellViewModel.swift; sourceTree = "<group>"; };
		6845DE8B29BB67840096A602 /* Subject.swift */ = {isa = PBXFileReference; lastKnownFileType = sourcecode.swift; path = Subject.swift; sourceTree = "<group>"; };
		6845DE8D29BB6CEA0096A602 /* AccountInfoViewModel.swift */ = {isa = PBXFileReference; lastKnownFileType = sourcecode.swift; path = AccountInfoViewModel.swift; sourceTree = "<group>"; };
		6845DE8F29BB6CFC0096A602 /* AccountInfoViewModelType.swift */ = {isa = PBXFileReference; lastKnownFileType = sourcecode.swift; path = AccountInfoViewModelType.swift; sourceTree = "<group>"; };
		6845DE9129BB6D590096A602 /* Student.swift */ = {isa = PBXFileReference; lastKnownFileType = sourcecode.swift; path = Student.swift; sourceTree = "<group>"; };
		685641FA29BA0C78007735B7 /* GoogleService-Info.plist */ = {isa = PBXFileReference; fileEncoding = 4; lastKnownFileType = text.plist.xml; path = "GoogleService-Info.plist"; sourceTree = "<group>"; };
		685A3EEA29C2DB27007B1EA1 /* Extensions.swift */ = {isa = PBXFileReference; lastKnownFileType = sourcecode.swift; path = Extensions.swift; sourceTree = "<group>"; };
		6876BECB29ED31C600717CF3 /* FirebaseAnalytics.xcframework */ = {isa = PBXFileReference; lastKnownFileType = wrapper.xcframework; name = FirebaseAnalytics.xcframework; path = Pods/FirebaseAnalytics/Frameworks/FirebaseAnalytics.xcframework; sourceTree = "<group>"; };
		6876BECD29ED31C600717CF3 /* FirebaseAppCheckInterop.framework */ = {isa = PBXFileReference; explicitFileType = wrapper.framework; path = FirebaseAppCheckInterop.framework; sourceTree = BUILT_PRODUCTS_DIR; };
		6876BECF29ED31C600717CF3 /* FirebaseAuth.framework */ = {isa = PBXFileReference; explicitFileType = wrapper.framework; path = FirebaseAuth.framework; sourceTree = BUILT_PRODUCTS_DIR; };
		6876BED129ED31C600717CF3 /* FirebaseAuthInterop.framework */ = {isa = PBXFileReference; explicitFileType = wrapper.framework; path = FirebaseAuthInterop.framework; sourceTree = BUILT_PRODUCTS_DIR; };
		6876BED329ED31C600717CF3 /* FirebaseCore.framework */ = {isa = PBXFileReference; explicitFileType = wrapper.framework; path = FirebaseCore.framework; sourceTree = BUILT_PRODUCTS_DIR; };
		6876BED529ED31C600717CF3 /* FirebaseCoreDiagnostics.framework */ = {isa = PBXFileReference; explicitFileType = wrapper.framework; path = FirebaseCoreDiagnostics.framework; sourceTree = BUILT_PRODUCTS_DIR; };
		6876BED729ED31C600717CF3 /* FirebaseCoreExtension.framework */ = {isa = PBXFileReference; explicitFileType = wrapper.framework; path = FirebaseCoreExtension.framework; sourceTree = BUILT_PRODUCTS_DIR; };
		6876BED929ED31C600717CF3 /* FirebaseCoreInternal.framework */ = {isa = PBXFileReference; explicitFileType = wrapper.framework; path = FirebaseCoreInternal.framework; sourceTree = BUILT_PRODUCTS_DIR; };
		6876BEDB29ED31C600717CF3 /* FirebaseFirestore.framework */ = {isa = PBXFileReference; explicitFileType = wrapper.framework; path = FirebaseFirestore.framework; sourceTree = BUILT_PRODUCTS_DIR; };
		6876BEDD29ED31C600717CF3 /* FirebaseInstallations.framework */ = {isa = PBXFileReference; explicitFileType = wrapper.framework; path = FirebaseInstallations.framework; sourceTree = BUILT_PRODUCTS_DIR; };
		6876BEDF29ED31C600717CF3 /* FirebaseStorage.framework */ = {isa = PBXFileReference; explicitFileType = wrapper.framework; path = FirebaseStorage.framework; sourceTree = BUILT_PRODUCTS_DIR; };
		6876BEE129ED31C600717CF3 /* FirebaseStorageInternal.framework */ = {isa = PBXFileReference; explicitFileType = wrapper.framework; path = FirebaseStorageInternal.framework; sourceTree = BUILT_PRODUCTS_DIR; };
		68A7BDE329BA0E9B007B4495 /* AuthManager.swift */ = {isa = PBXFileReference; lastKnownFileType = sourcecode.swift; path = AuthManager.swift; sourceTree = "<group>"; };
		68A7BDE529BA0EF0007B4495 /* DatabaseManager.swift */ = {isa = PBXFileReference; lastKnownFileType = sourcecode.swift; path = DatabaseManager.swift; sourceTree = "<group>"; };
		68D1595F29CAE59E00051FE6 /* ClassCollectionViewCellViewModelType.swift */ = {isa = PBXFileReference; lastKnownFileType = sourcecode.swift; path = ClassCollectionViewCellViewModelType.swift; sourceTree = "<group>"; };
		68D1596129CAE5F800051FE6 /* ClassCollectionViewCellViewModel.swift */ = {isa = PBXFileReference; lastKnownFileType = sourcecode.swift; path = ClassCollectionViewCellViewModel.swift; sourceTree = "<group>"; };
		68D1596329CAE63900051FE6 /* SubjectClass.swift */ = {isa = PBXFileReference; lastKnownFileType = sourcecode.swift; path = SubjectClass.swift; sourceTree = "<group>"; };
		68D1596529CAEB7700051FE6 /* ClassCollectionViewViewModelType.swift */ = {isa = PBXFileReference; lastKnownFileType = sourcecode.swift; path = ClassCollectionViewViewModelType.swift; sourceTree = "<group>"; };
		68D1596729CAECAF00051FE6 /* ClassCollectionViewViewModel.swift */ = {isa = PBXFileReference; lastKnownFileType = sourcecode.swift; path = ClassCollectionViewViewModel.swift; sourceTree = "<group>"; };
		68D1596929CB01D200051FE6 /* SubjectScheduleViewModelType.swift */ = {isa = PBXFileReference; lastKnownFileType = sourcecode.swift; path = SubjectScheduleViewModelType.swift; sourceTree = "<group>"; };
		68D1596B29CB023C00051FE6 /* SubjectScheduleViewModel.swift */ = {isa = PBXFileReference; lastKnownFileType = sourcecode.swift; path = SubjectScheduleViewModel.swift; sourceTree = "<group>"; };
		68DA507629CC4CB000A7041C /* ResetPasswordViewController.swift */ = {isa = PBXFileReference; lastKnownFileType = sourcecode.swift; path = ResetPasswordViewController.swift; sourceTree = "<group>"; };
		68E4E3F629B30E2300A1B956 /* HomeViewController.swift */ = {isa = PBXFileReference; lastKnownFileType = sourcecode.swift; path = HomeViewController.swift; sourceTree = "<group>"; };
		68E4E3F929B30FDA00A1B956 /* AccountInfoView.swift */ = {isa = PBXFileReference; lastKnownFileType = sourcecode.swift; path = AccountInfoView.swift; sourceTree = "<group>"; };
		68E4E3FB29B32E3700A1B956 /* SubjectCell.swift */ = {isa = PBXFileReference; lastKnownFileType = sourcecode.swift; path = SubjectCell.swift; sourceTree = "<group>"; };
		68FA425729B2F61F00FC46A6 /* SDUGradientButton.swift */ = {isa = PBXFileReference; lastKnownFileType = sourcecode.swift; path = SDUGradientButton.swift; sourceTree = "<group>"; };
		824C450409063A382E55E003 /* Pods_CheckMate_S.framework */ = {isa = PBXFileReference; explicitFileType = wrapper.framework; includeInIndex = 0; path = Pods_CheckMate_S.framework; sourceTree = BUILT_PRODUCTS_DIR; };
/* End PBXFileReference section */

/* Begin PBXFrameworksBuildPhase section */
		6814354129B2063B00F53F33 /* Frameworks */ = {
			isa = PBXFrameworksBuildPhase;
			buildActionMask = 2147483647;
			files = (
				93CEB87FCCBC26AC6A79D8D7 /* Pods_CheckMate_S.framework in Frameworks */,
			);
			runOnlyForDeploymentPostprocessing = 0;
		};
/* End PBXFrameworksBuildPhase section */

/* Begin PBXGroup section */
		6814353B29B2063B00F53F33 = {
			isa = PBXGroup;
			children = (
				6814354629B2063B00F53F33 /* CheckMate-S */,
				6814354529B2063B00F53F33 /* Products */,
				7805F5223E868E0AD8938294 /* Pods */,
				DF092A5F395807C5DECF5CF0 /* Frameworks */,
			);
			sourceTree = "<group>";
		};
		6814354529B2063B00F53F33 /* Products */ = {
			isa = PBXGroup;
			children = (
				6814354429B2063B00F53F33 /* CheckMate-S.app */,
			);
			name = Products;
			sourceTree = "<group>";
		};
		6814354629B2063B00F53F33 /* CheckMate-S */ = {
			isa = PBXGroup;
			children = (
				6814355B29B2074F00F53F33 /* Resources */,
				6845DE8229BB64A00096A602 /* Protocols */,
				6814355C29B2077300F53F33 /* Managers */,
				6814355D29B2078600F53F33 /* Models */,
				6814355E29B2079200F53F33 /* Views */,
				6814355F29B2079E00F53F33 /* ViewModels */,
				6814355529B2063C00F53F33 /* Info.plist */,
				685641FA29BA0C78007735B7 /* GoogleService-Info.plist */,
			);
			path = "CheckMate-S";
			sourceTree = "<group>";
		};
		6814355B29B2074F00F53F33 /* Resources */ = {
			isa = PBXGroup;
			children = (
				6814354729B2063B00F53F33 /* AppDelegate.swift */,
				6814354929B2063B00F53F33 /* SceneDelegate.swift */,
				6814355029B2063C00F53F33 /* Assets.xcassets */,
				6814356929B22C3200F53F33 /* Factory.swift */,
				685A3EEA29C2DB27007B1EA1 /* Extensions.swift */,
				6837CC6029C47B1F00ECBD48 /* Colors.swift */,
			);
			path = Resources;
			sourceTree = "<group>";
		};
		6814355C29B2077300F53F33 /* Managers */ = {
			isa = PBXGroup;
			children = (
				68A7BDE329BA0E9B007B4495 /* AuthManager.swift */,
				68A7BDE529BA0EF0007B4495 /* DatabaseManager.swift */,
				6821F3CB29C1ACA900583B1E /* TestDatabase.swift */,
			);
			path = Managers;
			sourceTree = "<group>";
		};
		6814355D29B2078600F53F33 /* Models */ = {
			isa = PBXGroup;
			children = (
				6845DE8B29BB67840096A602 /* Subject.swift */,
				6845DE9129BB6D590096A602 /* Student.swift */,
				68D1596329CAE63900051FE6 /* SubjectClass.swift */,
				681601ED29F0004B00914CEA /* Message.swift */,
			);
			path = Models;
			sourceTree = "<group>";
		};
		6814355E29B2079200F53F33 /* Views */ = {
			isa = PBXGroup;
			children = (
				68E4E3F829B30FC600A1B956 /* CustomViews */,
				6814356029B207BC00F53F33 /* Controllers */,
				6814355229B2063C00F53F33 /* LaunchScreen.storyboard */,
			);
			path = Views;
			sourceTree = "<group>";
		};
		6814355F29B2079E00F53F33 /* ViewModels */ = {
			isa = PBXGroup;
			children = (
				6845DE8729BB672C0096A602 /* CollectionViewViewModel.swift */,
				6845DE8929BB67370096A602 /* CollectionViewCellViewModel.swift */,
				6845DE8D29BB6CEA0096A602 /* AccountInfoViewModel.swift */,
				6835173D29BB708200EB893A /* HomeViewModel.swift */,
				68D1596129CAE5F800051FE6 /* ClassCollectionViewCellViewModel.swift */,
				68D1596729CAECAF00051FE6 /* ClassCollectionViewViewModel.swift */,
				68D1596B29CB023C00051FE6 /* SubjectScheduleViewModel.swift */,
				681601EB29EFFFF800914CEA /* ReasonMessagesViewModel.swift */,
				681601F129F001BE00914CEA /* MessageCellViewModel.swift */,
			);
			path = ViewModels;
			sourceTree = "<group>";
		};
		6814356029B207BC00F53F33 /* Controllers */ = {
			isa = PBXGroup;
			children = (
				6814356129B20B0900F53F33 /* SignInViewController.swift */,
				68E4E3F629B30E2300A1B956 /* HomeViewController.swift */,
				6837CC6229C4953D00ECBD48 /* SubjectScheduleViewController.swift */,
				68DA507629CC4CB000A7041C /* ResetPasswordViewController.swift */,
				6812ACAB29ED758000B80736 /* MainTabBarController.swift */,
				681601E929EFFED700914CEA /* AbsenceReasonViewController.swift */,
			);
			path = Controllers;
			sourceTree = "<group>";
		};
		681601E829EFFE8300914CEA /* Cells */ = {
			isa = PBXGroup;
			children = (
				68E4E3FB29B32E3700A1B956 /* SubjectCell.swift */,
				6837CC6429C497EA00ECBD48 /* ClassCell.swift */,
				681601E629EFE14F00914CEA /* SkeletonCell.swift */,
				681601EF29F0016800914CEA /* MessageCell.swift */,
			);
			path = Cells;
			sourceTree = "<group>";
		};
		6845DE8229BB64A00096A602 /* Protocols */ = {
			isa = PBXGroup;
			children = (
				6845DE8329BB64C80096A602 /* CollectionViewCellViewModelType.swift */,
				6845DE8529BB65160096A602 /* CollectionViewViewModelType.swift */,
				6845DE8F29BB6CFC0096A602 /* AccountInfoViewModelType.swift */,
				6835173F29BB757100EB893A /* HomeViewModelType.swift */,
				68D1595F29CAE59E00051FE6 /* ClassCollectionViewCellViewModelType.swift */,
				68D1596529CAEB7700051FE6 /* ClassCollectionViewViewModelType.swift */,
				68D1596929CB01D200051FE6 /* SubjectScheduleViewModelType.swift */,
				681601E429EFE12800914CEA /* SkeletonLoadable.swift */,
			);
			path = Protocols;
			sourceTree = "<group>";
		};
		68E4E3F829B30FC600A1B956 /* CustomViews */ = {
			isa = PBXGroup;
			children = (
				681601E829EFFE8300914CEA /* Cells */,
				6814356729B2282F00F53F33 /* SignInTextFieldView.swift */,
				68FA425729B2F61F00FC46A6 /* SDUGradientButton.swift */,
				68E4E3F929B30FDA00A1B956 /* AccountInfoView.swift */,
				682A7C6129D7E60C0064E7BB /* CustomProgressView.swift */,
			);
			path = CustomViews;
			sourceTree = "<group>";
		};
		7805F5223E868E0AD8938294 /* Pods */ = {
			isa = PBXGroup;
			children = (
				5DF5E5FD0F189C94E377CD7E /* Pods-CheckMate-S.debug.xcconfig */,
				4A9E494242569B928C06906D /* Pods-CheckMate-S.release.xcconfig */,
			);
			path = Pods;
			sourceTree = "<group>";
		};
		DF092A5F395807C5DECF5CF0 /* Frameworks */ = {
			isa = PBXGroup;
			children = (
				6876BECB29ED31C600717CF3 /* FirebaseAnalytics.xcframework */,
				6876BECD29ED31C600717CF3 /* FirebaseAppCheckInterop.framework */,
				6876BECF29ED31C600717CF3 /* FirebaseAuth.framework */,
				6876BED129ED31C600717CF3 /* FirebaseAuthInterop.framework */,
				6876BED329ED31C600717CF3 /* FirebaseCore.framework */,
				6876BED529ED31C600717CF3 /* FirebaseCoreDiagnostics.framework */,
				6876BED729ED31C600717CF3 /* FirebaseCoreExtension.framework */,
				6876BED929ED31C600717CF3 /* FirebaseCoreInternal.framework */,
				6876BEDB29ED31C600717CF3 /* FirebaseFirestore.framework */,
				6876BEDD29ED31C600717CF3 /* FirebaseInstallations.framework */,
				6876BEDF29ED31C600717CF3 /* FirebaseStorage.framework */,
				6876BEE129ED31C600717CF3 /* FirebaseStorageInternal.framework */,
				824C450409063A382E55E003 /* Pods_CheckMate_S.framework */,
			);
			name = Frameworks;
			sourceTree = "<group>";
		};
/* End PBXGroup section */

/* Begin PBXNativeTarget section */
		6814354329B2063B00F53F33 /* CheckMate-S */ = {
			isa = PBXNativeTarget;
			buildConfigurationList = 6814355829B2063C00F53F33 /* Build configuration list for PBXNativeTarget "CheckMate-S" */;
			buildPhases = (
				29FC0F129A46F19362D2BFA6 /* [CP] Check Pods Manifest.lock */,
				6814354029B2063B00F53F33 /* Sources */,
				6814354129B2063B00F53F33 /* Frameworks */,
				6814354229B2063B00F53F33 /* Resources */,
				7CEBBDF8E6025367777386B6 /* [CP] Embed Pods Frameworks */,
			);
			buildRules = (
			);
			dependencies = (
			);
			name = "CheckMate-S";
			productName = "CheckMate-S";
			productReference = 6814354429B2063B00F53F33 /* CheckMate-S.app */;
			productType = "com.apple.product-type.application";
		};
/* End PBXNativeTarget section */

/* Begin PBXProject section */
		6814353C29B2063B00F53F33 /* Project object */ = {
			isa = PBXProject;
			attributes = {
				BuildIndependentTargetsInParallel = 1;
				LastSwiftUpdateCheck = 1420;
				LastUpgradeCheck = 1340;
				TargetAttributes = {
					6814354329B2063B00F53F33 = {
						CreatedOnToolsVersion = 13.4;
					};
				};
			};
			buildConfigurationList = 6814353F29B2063B00F53F33 /* Build configuration list for PBXProject "CheckMate-S" */;
			compatibilityVersion = "Xcode 13.0";
			developmentRegion = en;
			hasScannedForEncodings = 0;
			knownRegions = (
				en,
				Base,
			);
			mainGroup = 6814353B29B2063B00F53F33;
			productRefGroup = 6814354529B2063B00F53F33 /* Products */;
			projectDirPath = "";
			projectRoot = "";
			targets = (
				6814354329B2063B00F53F33 /* CheckMate-S */,
			);
		};
/* End PBXProject section */

/* Begin PBXResourcesBuildPhase section */
		6814354229B2063B00F53F33 /* Resources */ = {
			isa = PBXResourcesBuildPhase;
			buildActionMask = 2147483647;
			files = (
				6814355429B2063C00F53F33 /* LaunchScreen.storyboard in Resources */,
				685641FB29BA0C78007735B7 /* GoogleService-Info.plist in Resources */,
				6814355129B2063C00F53F33 /* Assets.xcassets in Resources */,
			);
			runOnlyForDeploymentPostprocessing = 0;
		};
/* End PBXResourcesBuildPhase section */

/* Begin PBXShellScriptBuildPhase section */
		29FC0F129A46F19362D2BFA6 /* [CP] Check Pods Manifest.lock */ = {
			isa = PBXShellScriptBuildPhase;
			buildActionMask = 2147483647;
			files = (
			);
			inputFileListPaths = (
			);
			inputPaths = (
				"${PODS_PODFILE_DIR_PATH}/Podfile.lock",
				"${PODS_ROOT}/Manifest.lock",
			);
			name = "[CP] Check Pods Manifest.lock";
			outputFileListPaths = (
			);
			outputPaths = (
				"$(DERIVED_FILE_DIR)/Pods-CheckMate-S-checkManifestLockResult.txt",
			);
			runOnlyForDeploymentPostprocessing = 0;
			shellPath = /bin/sh;
			shellScript = "diff \"${PODS_PODFILE_DIR_PATH}/Podfile.lock\" \"${PODS_ROOT}/Manifest.lock\" > /dev/null\nif [ $? != 0 ] ; then\n    # print error to STDERR\n    echo \"error: The sandbox is not in sync with the Podfile.lock. Run 'pod install' or update your CocoaPods installation.\" >&2\n    exit 1\nfi\n# This output is used by Xcode 'outputs' to avoid re-running this script phase.\necho \"SUCCESS\" > \"${SCRIPT_OUTPUT_FILE_0}\"\n";
			showEnvVarsInLog = 0;
		};
		7CEBBDF8E6025367777386B6 /* [CP] Embed Pods Frameworks */ = {
			isa = PBXShellScriptBuildPhase;
			buildActionMask = 2147483647;
			files = (
			);
			inputFileListPaths = (
				"${PODS_ROOT}/Target Support Files/Pods-CheckMate-S/Pods-CheckMate-S-frameworks-${CONFIGURATION}-input-files.xcfilelist",
			);
			name = "[CP] Embed Pods Frameworks";
			outputFileListPaths = (
				"${PODS_ROOT}/Target Support Files/Pods-CheckMate-S/Pods-CheckMate-S-frameworks-${CONFIGURATION}-output-files.xcfilelist",
			);
			runOnlyForDeploymentPostprocessing = 0;
			shellPath = /bin/sh;
			shellScript = "\"${PODS_ROOT}/Target Support Files/Pods-CheckMate-S/Pods-CheckMate-S-frameworks.sh\"\n";
			showEnvVarsInLog = 0;
		};
/* End PBXShellScriptBuildPhase section */

/* Begin PBXSourcesBuildPhase section */
		6814354029B2063B00F53F33 /* Sources */ = {
			isa = PBXSourcesBuildPhase;
			buildActionMask = 2147483647;
			files = (
				6837CC6529C497EA00ECBD48 /* ClassCell.swift in Sources */,
				685A3EEB29C2DB27007B1EA1 /* Extensions.swift in Sources */,
				681601E729EFE14F00914CEA /* SkeletonCell.swift in Sources */,
				6812ACAC29ED758000B80736 /* MainTabBarController.swift in Sources */,
				6837CC6329C4953D00ECBD48 /* SubjectScheduleViewController.swift in Sources */,
				6837CC6129C47B1F00ECBD48 /* Colors.swift in Sources */,
				6835174029BB757100EB893A /* HomeViewModelType.swift in Sources */,
				68E4E3FC29B32E3700A1B956 /* SubjectCell.swift in Sources */,
				6821F3CC29C1ACA900583B1E /* TestDatabase.swift in Sources */,
				68A7BDE629BA0EF1007B4495 /* DatabaseManager.swift in Sources */,
				68D1596A29CB01D200051FE6 /* SubjectScheduleViewModelType.swift in Sources */,
				6845DE8629BB65160096A602 /* CollectionViewViewModelType.swift in Sources */,
				6835173E29BB708200EB893A /* HomeViewModel.swift in Sources */,
				68D1596229CAE5F800051FE6 /* ClassCollectionViewCellViewModel.swift in Sources */,
				6845DE8E29BB6CEA0096A602 /* AccountInfoViewModel.swift in Sources */,
				6814356829B2282F00F53F33 /* SignInTextFieldView.swift in Sources */,
				68D1596029CAE59E00051FE6 /* ClassCollectionViewCellViewModelType.swift in Sources */,
				68D1596629CAEB7700051FE6 /* ClassCollectionViewViewModelType.swift in Sources */,
				6845DE8A29BB67370096A602 /* CollectionViewCellViewModel.swift in Sources */,
				681601EE29F0004B00914CEA /* Message.swift in Sources */,
				6814356229B20B0900F53F33 /* SignInViewController.swift in Sources */,
				681601EC29EFFFF800914CEA /* ReasonMessagesViewModel.swift in Sources */,
				68FA425829B2F61F00FC46A6 /* SDUGradientButton.swift in Sources */,
				68DA507729CC4CB000A7041C /* ResetPasswordViewController.swift in Sources */,
				6845DE8429BB64C80096A602 /* CollectionViewCellViewModelType.swift in Sources */,
				681601EA29EFFED700914CEA /* AbsenceReasonViewController.swift in Sources */,
				6845DE8C29BB67840096A602 /* Subject.swift in Sources */,
				681601F229F001BE00914CEA /* MessageCellViewModel.swift in Sources */,
				6814354829B2063B00F53F33 /* AppDelegate.swift in Sources */,
				68D1596C29CB023C00051FE6 /* SubjectScheduleViewModel.swift in Sources */,
				68E4E3FA29B30FDA00A1B956 /* AccountInfoView.swift in Sources */,
				6814354A29B2063B00F53F33 /* SceneDelegate.swift in Sources */,
				68D1596829CAECAF00051FE6 /* ClassCollectionViewViewModel.swift in Sources */,
				68E4E3F729B30E2300A1B956 /* HomeViewController.swift in Sources */,
				6845DE8829BB672C0096A602 /* CollectionViewViewModel.swift in Sources */,
				6814356A29B22C3200F53F33 /* Factory.swift in Sources */,
				681601E529EFE12800914CEA /* SkeletonLoadable.swift in Sources */,
				6845DE9029BB6CFC0096A602 /* AccountInfoViewModelType.swift in Sources */,
				6845DE9229BB6D590096A602 /* Student.swift in Sources */,
				68A7BDE429BA0E9B007B4495 /* AuthManager.swift in Sources */,
				682A7C6229D7E60C0064E7BB /* CustomProgressView.swift in Sources */,
				68D1596429CAE63900051FE6 /* SubjectClass.swift in Sources */,
				681601F029F0016800914CEA /* MessageCell.swift in Sources */,
			);
			runOnlyForDeploymentPostprocessing = 0;
		};
/* End PBXSourcesBuildPhase section */

/* Begin PBXVariantGroup section */
		6814355229B2063C00F53F33 /* LaunchScreen.storyboard */ = {
			isa = PBXVariantGroup;
			children = (
				6814355329B2063C00F53F33 /* Base */,
			);
			name = LaunchScreen.storyboard;
			sourceTree = "<group>";
		};
/* End PBXVariantGroup section */

/* Begin XCBuildConfiguration section */
		6814355629B2063C00F53F33 /* Debug */ = {
			isa = XCBuildConfiguration;
			buildSettings = {
				ALWAYS_SEARCH_USER_PATHS = NO;
				CLANG_ANALYZER_NONNULL = YES;
				CLANG_ANALYZER_NUMBER_OBJECT_CONVERSION = YES_AGGRESSIVE;
				CLANG_CXX_LANGUAGE_STANDARD = "gnu++17";
				CLANG_ENABLE_MODULES = YES;
				CLANG_ENABLE_OBJC_ARC = YES;
				CLANG_ENABLE_OBJC_WEAK = YES;
				CLANG_WARN_BLOCK_CAPTURE_AUTORELEASING = YES;
				CLANG_WARN_BOOL_CONVERSION = YES;
				CLANG_WARN_COMMA = YES;
				CLANG_WARN_CONSTANT_CONVERSION = YES;
				CLANG_WARN_DEPRECATED_OBJC_IMPLEMENTATIONS = YES;
				CLANG_WARN_DIRECT_OBJC_ISA_USAGE = YES_ERROR;
				CLANG_WARN_DOCUMENTATION_COMMENTS = YES;
				CLANG_WARN_EMPTY_BODY = YES;
				CLANG_WARN_ENUM_CONVERSION = YES;
				CLANG_WARN_INFINITE_RECURSION = YES;
				CLANG_WARN_INT_CONVERSION = YES;
				CLANG_WARN_NON_LITERAL_NULL_CONVERSION = YES;
				CLANG_WARN_OBJC_IMPLICIT_RETAIN_SELF = YES;
				CLANG_WARN_OBJC_LITERAL_CONVERSION = YES;
				CLANG_WARN_OBJC_ROOT_CLASS = YES_ERROR;
				CLANG_WARN_QUOTED_INCLUDE_IN_FRAMEWORK_HEADER = YES;
				CLANG_WARN_RANGE_LOOP_ANALYSIS = YES;
				CLANG_WARN_STRICT_PROTOTYPES = YES;
				CLANG_WARN_SUSPICIOUS_MOVE = YES;
				CLANG_WARN_UNGUARDED_AVAILABILITY = YES_AGGRESSIVE;
				CLANG_WARN_UNREACHABLE_CODE = YES;
				CLANG_WARN__DUPLICATE_METHOD_MATCH = YES;
				COPY_PHASE_STRIP = NO;
				DEBUG_INFORMATION_FORMAT = dwarf;
				ENABLE_STRICT_OBJC_MSGSEND = YES;
				ENABLE_TESTABILITY = YES;
				GCC_C_LANGUAGE_STANDARD = gnu11;
				GCC_DYNAMIC_NO_PIC = NO;
				GCC_NO_COMMON_BLOCKS = YES;
				GCC_OPTIMIZATION_LEVEL = 0;
				GCC_PREPROCESSOR_DEFINITIONS = (
					"DEBUG=1",
					"$(inherited)",
				);
				GCC_WARN_64_TO_32_BIT_CONVERSION = YES;
				GCC_WARN_ABOUT_RETURN_TYPE = YES_ERROR;
				GCC_WARN_UNDECLARED_SELECTOR = YES;
				GCC_WARN_UNINITIALIZED_AUTOS = YES_AGGRESSIVE;
				GCC_WARN_UNUSED_FUNCTION = YES;
				GCC_WARN_UNUSED_VARIABLE = YES;
				IPHONEOS_DEPLOYMENT_TARGET = 15.5;
				MTL_ENABLE_DEBUG_INFO = INCLUDE_SOURCE;
				MTL_FAST_MATH = YES;
				ONLY_ACTIVE_ARCH = YES;
				SDKROOT = iphoneos;
				SWIFT_ACTIVE_COMPILATION_CONDITIONS = DEBUG;
				SWIFT_OPTIMIZATION_LEVEL = "-Onone";
			};
			name = Debug;
		};
		6814355729B2063C00F53F33 /* Release */ = {
			isa = XCBuildConfiguration;
			buildSettings = {
				ALWAYS_SEARCH_USER_PATHS = NO;
				CLANG_ANALYZER_NONNULL = YES;
				CLANG_ANALYZER_NUMBER_OBJECT_CONVERSION = YES_AGGRESSIVE;
				CLANG_CXX_LANGUAGE_STANDARD = "gnu++17";
				CLANG_ENABLE_MODULES = YES;
				CLANG_ENABLE_OBJC_ARC = YES;
				CLANG_ENABLE_OBJC_WEAK = YES;
				CLANG_WARN_BLOCK_CAPTURE_AUTORELEASING = YES;
				CLANG_WARN_BOOL_CONVERSION = YES;
				CLANG_WARN_COMMA = YES;
				CLANG_WARN_CONSTANT_CONVERSION = YES;
				CLANG_WARN_DEPRECATED_OBJC_IMPLEMENTATIONS = YES;
				CLANG_WARN_DIRECT_OBJC_ISA_USAGE = YES_ERROR;
				CLANG_WARN_DOCUMENTATION_COMMENTS = YES;
				CLANG_WARN_EMPTY_BODY = YES;
				CLANG_WARN_ENUM_CONVERSION = YES;
				CLANG_WARN_INFINITE_RECURSION = YES;
				CLANG_WARN_INT_CONVERSION = YES;
				CLANG_WARN_NON_LITERAL_NULL_CONVERSION = YES;
				CLANG_WARN_OBJC_IMPLICIT_RETAIN_SELF = YES;
				CLANG_WARN_OBJC_LITERAL_CONVERSION = YES;
				CLANG_WARN_OBJC_ROOT_CLASS = YES_ERROR;
				CLANG_WARN_QUOTED_INCLUDE_IN_FRAMEWORK_HEADER = YES;
				CLANG_WARN_RANGE_LOOP_ANALYSIS = YES;
				CLANG_WARN_STRICT_PROTOTYPES = YES;
				CLANG_WARN_SUSPICIOUS_MOVE = YES;
				CLANG_WARN_UNGUARDED_AVAILABILITY = YES_AGGRESSIVE;
				CLANG_WARN_UNREACHABLE_CODE = YES;
				CLANG_WARN__DUPLICATE_METHOD_MATCH = YES;
				COPY_PHASE_STRIP = NO;
				DEBUG_INFORMATION_FORMAT = "dwarf-with-dsym";
				ENABLE_NS_ASSERTIONS = NO;
				ENABLE_STRICT_OBJC_MSGSEND = YES;
				GCC_C_LANGUAGE_STANDARD = gnu11;
				GCC_NO_COMMON_BLOCKS = YES;
				GCC_WARN_64_TO_32_BIT_CONVERSION = YES;
				GCC_WARN_ABOUT_RETURN_TYPE = YES_ERROR;
				GCC_WARN_UNDECLARED_SELECTOR = YES;
				GCC_WARN_UNINITIALIZED_AUTOS = YES_AGGRESSIVE;
				GCC_WARN_UNUSED_FUNCTION = YES;
				GCC_WARN_UNUSED_VARIABLE = YES;
				IPHONEOS_DEPLOYMENT_TARGET = 15.5;
				MTL_ENABLE_DEBUG_INFO = NO;
				MTL_FAST_MATH = YES;
				SDKROOT = iphoneos;
				SWIFT_COMPILATION_MODE = wholemodule;
				SWIFT_OPTIMIZATION_LEVEL = "-O";
				VALIDATE_PRODUCT = YES;
			};
			name = Release;
		};
		6814355929B2063C00F53F33 /* Debug */ = {
			isa = XCBuildConfiguration;
			baseConfigurationReference = 5DF5E5FD0F189C94E377CD7E /* Pods-CheckMate-S.debug.xcconfig */;
			buildSettings = {
				ASSETCATALOG_COMPILER_APPICON_NAME = AppIcon;
				ASSETCATALOG_COMPILER_GLOBAL_ACCENT_COLOR_NAME = AccentColor;
				CODE_SIGN_STYLE = Automatic;
				CURRENT_PROJECT_VERSION = 1;
				DEVELOPMENT_TEAM = 3F7BDN63CA;
				GENERATE_INFOPLIST_FILE = YES;
				INFOPLIST_FILE = "CheckMate-S/Info.plist";
				INFOPLIST_KEY_UIApplicationSupportsIndirectInputEvents = YES;
				INFOPLIST_KEY_UILaunchStoryboardName = LaunchScreen;
				INFOPLIST_KEY_UISupportedInterfaceOrientations_iPad = UIInterfaceOrientationPortrait;
				INFOPLIST_KEY_UISupportedInterfaceOrientations_iPhone = UIInterfaceOrientationPortrait;
				IPHONEOS_DEPLOYMENT_TARGET = 16.0;
				LD_RUNPATH_SEARCH_PATHS = (
					"$(inherited)",
					"@executable_path/Frameworks",
				);
				MARKETING_VERSION = 1.0;
				PRODUCT_BUNDLE_IDENTIFIER = "com.damiraliyev.CheckMate-S";
				PRODUCT_NAME = "$(TARGET_NAME)";
				SWIFT_EMIT_LOC_STRINGS = YES;
				SWIFT_VERSION = 5.0;
				TARGETED_DEVICE_FAMILY = 1;
			};
			name = Debug;
		};
		6814355A29B2063C00F53F33 /* Release */ = {
			isa = XCBuildConfiguration;
			baseConfigurationReference = 4A9E494242569B928C06906D /* Pods-CheckMate-S.release.xcconfig */;
			buildSettings = {
				ASSETCATALOG_COMPILER_APPICON_NAME = AppIcon;
				ASSETCATALOG_COMPILER_GLOBAL_ACCENT_COLOR_NAME = AccentColor;
				CODE_SIGN_STYLE = Automatic;
				CURRENT_PROJECT_VERSION = 1;
				DEVELOPMENT_TEAM = 3F7BDN63CA;
				GENERATE_INFOPLIST_FILE = YES;
				INFOPLIST_FILE = "CheckMate-S/Info.plist";
				INFOPLIST_KEY_UIApplicationSupportsIndirectInputEvents = YES;
				INFOPLIST_KEY_UILaunchStoryboardName = LaunchScreen;
				INFOPLIST_KEY_UISupportedInterfaceOrientations_iPad = UIInterfaceOrientationPortrait;
				INFOPLIST_KEY_UISupportedInterfaceOrientations_iPhone = UIInterfaceOrientationPortrait;
				IPHONEOS_DEPLOYMENT_TARGET = 16.0;
				LD_RUNPATH_SEARCH_PATHS = (
					"$(inherited)",
					"@executable_path/Frameworks",
				);
				MARKETING_VERSION = 1.0;
				PRODUCT_BUNDLE_IDENTIFIER = "com.damiraliyev.CheckMate-S";
				PRODUCT_NAME = "$(TARGET_NAME)";
				SWIFT_EMIT_LOC_STRINGS = YES;
				SWIFT_VERSION = 5.0;
				TARGETED_DEVICE_FAMILY = 1;
			};
			name = Release;
		};
/* End XCBuildConfiguration section */

/* Begin XCConfigurationList section */
		6814353F29B2063B00F53F33 /* Build configuration list for PBXProject "CheckMate-S" */ = {
			isa = XCConfigurationList;
			buildConfigurations = (
				6814355629B2063C00F53F33 /* Debug */,
				6814355729B2063C00F53F33 /* Release */,
			);
			defaultConfigurationIsVisible = 0;
			defaultConfigurationName = Release;
		};
		6814355829B2063C00F53F33 /* Build configuration list for PBXNativeTarget "CheckMate-S" */ = {
			isa = XCConfigurationList;
			buildConfigurations = (
				6814355929B2063C00F53F33 /* Debug */,
				6814355A29B2063C00F53F33 /* Release */,
			);
			defaultConfigurationIsVisible = 0;
			defaultConfigurationName = Release;
		};
/* End XCConfigurationList section */
	};
	rootObject = 6814353C29B2063B00F53F33 /* Project object */;
}
